
Microsoft Visual Studio Solution File, Format Version 12.00
# Visual Studio Version 16
VisualStudioVersion = 16.0.29215.179
MinimumVisualStudioVersion = 10.0.40219.1
Project("{FAE04EC0-301F-11D3-BF4B-00C04F79EFBC}") = "PastebinAPIs", "PastebinAPIs\PastebinAPIs.csproj", "{A82B7E99-73E4-4058-816A-4FC125E72543}"
EndProject
Project("{FAE04EC0-301F-11D3-BF4B-00C04F79EFBC}") = "PastebinAPIs.Test", "PastebinAPIs.Test\PastebinAPIs.Test.csproj", "{1FC33CB8-4492-457D-844E-39EE0E3F404C}"
EndProject
Global
	GlobalSection(SolutionConfigurationPlatforms) = preSolution
		Debug|Any CPU = Debug|Any CPU
		Release|Any CPU = Release|Any CPU
	EndGlobalSection
	GlobalSection(ProjectConfigurationPlatforms) = postSolution
		{A82B7E99-73E4-4058-816A-4FC125E72543}.Debug|Any CPU.ActiveCfg = Debug|Any CPU
		{A82B7E99-73E4-4058-816A-4FC125E72543}.Debug|Any CPU.Build.0 = Debug|Any CPU
		{A82B7E99-73E4-4058-816A-4FC125E72543}.Release|Any CPU.ActiveCfg = Release|Any CPU
		{A82B7E99-73E4-4058-816A-4FC125E72543}.Release|Any CPU.Build.0 = Release|Any CPU
		{1FC33CB8-4492-457D-844E-39EE0E3F404C}.Debug|Any CPU.ActiveCfg = Debug|Any CPU
		{1FC33CB8-4492-457D-844E-39EE0E3F404C}.Debug|Any CPU.Build.0 = Debug|Any CPU
		{1FC33CB8-4492-457D-844E-39EE0E3F404C}.Release|Any CPU.ActiveCfg = Release|Any CPU
		{1FC33CB8-4492-457D-844E-39EE0E3F404C}.Release|Any CPU.Build.0 = Release|Any CPU
	EndGlobalSection
	GlobalSection(SolutionProperties) = preSolution
		HideSolutionNode = FALSE
	EndGlobalSection
	GlobalSection(ExtensibilityGlobals) = postSolution
		SolutionGuid = {AA59E92D-8CC8-4E7D-94BF-844BF3A496FA}
	EndGlobalSection
EndGlobal
